
Microsoft Visual Studio Solution File, Format Version 12.00
# Visual Studio Version 17
VisualStudioVersion = 17.4.33213.308
MinimumVisualStudioVersion = 10.0.40219.1
Project("{FAE04EC0-301F-11D3-BF4B-00C04F79EFBC}") = "DevTricks", "DevTricks\DevTricks.csproj", "{BD303278-285C-4A17-962F-7A6869FD20E2}"
EndProject
Project("{2150E333-8FDC-42A3-9474-1A3956D46DE8}") = "Common", "Common", "{986FD473-053F-4F71-A71A-C8ACDE19509D}"
EndProject
Global
	GlobalSection(SolutionConfigurationPlatforms) = preSolution
		Debug|Any CPU = Debug|Any CPU
		Release|Any CPU = Release|Any CPU
	EndGlobalSection
	GlobalSection(ProjectConfigurationPlatforms) = postSolution
		{BD303278-285C-4A17-962F-7A6869FD20E2}.Debug|Any CPU.ActiveCfg = Debug|Any CPU
		{BD303278-285C-4A17-962F-7A6869FD20E2}.Debug|Any CPU.Build.0 = Debug|Any CPU
		{BD303278-285C-4A17-962F-7A6869FD20E2}.Release|Any CPU.ActiveCfg = Release|Any CPU
		{BD303278-285C-4A17-962F-7A6869FD20E2}.Release|Any CPU.Build.0 = Release|Any CPU
	EndGlobalSection
	GlobalSection(SolutionProperties) = preSolution
		HideSolutionNode = FALSE
	EndGlobalSection
	GlobalSection(ExtensibilityGlobals) = postSolution
		SolutionGuid = {FBD5A0B9-93EE-4AA6-92DB-A7698876C430}
	EndGlobalSection
EndGlobal
